
Microsoft Visual Studio Solution File, Format Version 12.00
# Visual Studio Version 17
VisualStudioVersion = 17.4.33213.308
MinimumVisualStudioVersion = 10.0.40219.1
Project("{FAE04EC0-301F-11D3-BF4B-00C04F79EFBC}") = "WebApiEstadios", "WebApiEstadios\WebApiEstadios.csproj", "{83C0D7F3-04DF-45D2-AFC2-9BD6A639618E}"
EndProject
Global
	GlobalSection(SolutionConfigurationPlatforms) = preSolution
		Debug|Any CPU = Debug|Any CPU
		Release|Any CPU = Release|Any CPU
	EndGlobalSection
	GlobalSection(ProjectConfigurationPlatforms) = postSolution
		{83C0D7F3-04DF-45D2-AFC2-9BD6A639618E}.Debug|Any CPU.ActiveCfg = Debug|Any CPU
		{83C0D7F3-04DF-45D2-AFC2-9BD6A639618E}.Debug|Any CPU.Build.0 = Debug|Any CPU
		{83C0D7F3-04DF-45D2-AFC2-9BD6A639618E}.Release|Any CPU.ActiveCfg = Release|Any CPU
		{83C0D7F3-04DF-45D2-AFC2-9BD6A639618E}.Release|Any CPU.Build.0 = Release|Any CPU
	EndGlobalSection
	GlobalSection(SolutionProperties) = preSolution
		HideSolutionNode = FALSE
	EndGlobalSection
	GlobalSection(ExtensibilityGlobals) = postSolution
		SolutionGuid = {C9A4BD60-DDF0-4D13-AB32-09D3C9CA5E6F}
	EndGlobalSection
EndGlobal
